// !$*UTF8*$!
{
	archiveVersion = 1;
	classes = {
	};
	objectVersion = 46;
	objects = {

/* Begin PBXBuildFile section */
		884477471B081F7700EC3A9B /* JSQActivityKit.framework in Frameworks */ = {isa = PBXBuildFile; fileRef = 884477441B081F6000EC3A9B /* JSQActivityKit.framework */; };
		884477481B081F7700EC3A9B /* JSQActivityKit.framework in Embed Frameworks */ = {isa = PBXBuildFile; fileRef = 884477441B081F6000EC3A9B /* JSQActivityKit.framework */; settings = {ATTRIBUTES = (CodeSignOnCopy, RemoveHeadersOnCopy, ); }; };
		88FE29821B08088B00A11178 /* AppDelegate.swift in Sources */ = {isa = PBXBuildFile; fileRef = 88FE29811B08088B00A11178 /* AppDelegate.swift */; };
		88FE29841B08088B00A11178 /* ViewController.swift in Sources */ = {isa = PBXBuildFile; fileRef = 88FE29831B08088B00A11178 /* ViewController.swift */; };
		88FE29871B08088B00A11178 /* Main.storyboard in Resources */ = {isa = PBXBuildFile; fileRef = 88FE29851B08088B00A11178 /* Main.storyboard */; };
		88FE29891B08088B00A11178 /* Images.xcassets in Resources */ = {isa = PBXBuildFile; fileRef = 88FE29881B08088B00A11178 /* Images.xcassets */; };
		88FE298C1B08088B00A11178 /* LaunchScreen.xib in Resources */ = {isa = PBXBuildFile; fileRef = 88FE298A1B08088B00A11178 /* LaunchScreen.xib */; };
		88FE29981B08088B00A11178 /* ExampleTests.swift in Sources */ = {isa = PBXBuildFile; fileRef = 88FE29971B08088B00A11178 /* ExampleTests.swift */; };
/* End PBXBuildFile section */

/* Begin PBXContainerItemProxy section */
		884477431B081F6000EC3A9B /* PBXContainerItemProxy */ = {
			isa = PBXContainerItemProxy;
			containerPortal = 8844773E1B081F6000EC3A9B /* JSQActivityKit.xcodeproj */;
			proxyType = 2;
			remoteGlobalIDString = 88FE29561B0806C200A11178;
			remoteInfo = JSQActivityKit;
		};
		884477451B081F6000EC3A9B /* PBXContainerItemProxy */ = {
			isa = PBXContainerItemProxy;
			containerPortal = 8844773E1B081F6000EC3A9B /* JSQActivityKit.xcodeproj */;
			proxyType = 2;
			remoteGlobalIDString = 88FE29611B0806C200A11178;
			remoteInfo = JSQActivityKitTests;
		};
		884477491B081F7700EC3A9B /* PBXContainerItemProxy */ = {
			isa = PBXContainerItemProxy;
			containerPortal = 8844773E1B081F6000EC3A9B /* JSQActivityKit.xcodeproj */;
			proxyType = 1;
			remoteGlobalIDString = 88FE29551B0806C200A11178;
			remoteInfo = JSQActivityKit;
		};
		88FE29921B08088B00A11178 /* PBXContainerItemProxy */ = {
			isa = PBXContainerItemProxy;
			containerPortal = 88FE29741B08088B00A11178 /* Project object */;
			proxyType = 1;
			remoteGlobalIDString = 88FE297B1B08088B00A11178;
			remoteInfo = Example;
		};
/* End PBXContainerItemProxy section */

/* Begin PBXCopyFilesBuildPhase section */
		8844773D1B081DFB00EC3A9B /* Embed Frameworks */ = {
			isa = PBXCopyFilesBuildPhase;
			buildActionMask = 2147483647;
			dstPath = "";
			dstSubfolderSpec = 10;
			files = (
				884477481B081F7700EC3A9B /* JSQActivityKit.framework in Embed Frameworks */,
			);
			name = "Embed Frameworks";
			runOnlyForDeploymentPostprocessing = 0;
		};
/* End PBXCopyFilesBuildPhase section */

/* Begin PBXFileReference section */
		8844773E1B081F6000EC3A9B /* JSQActivityKit.xcodeproj */ = {isa = PBXFileReference; lastKnownFileType = "wrapper.pb-project"; name = JSQActivityKit.xcodeproj; path = ../JSQActivityKit/JSQActivityKit.xcodeproj; sourceTree = "<group>"; };
		88FE297C1B08088B00A11178 /* ActivityKit.app */ = {isa = PBXFileReference; explicitFileType = wrapper.application; includeInIndex = 0; path = ActivityKit.app; sourceTree = BUILT_PRODUCTS_DIR; };
		88FE29801B08088B00A11178 /* Info.plist */ = {isa = PBXFileReference; lastKnownFileType = text.plist.xml; path = Info.plist; sourceTree = "<group>"; };
		88FE29811B08088B00A11178 /* AppDelegate.swift */ = {isa = PBXFileReference; lastKnownFileType = sourcecode.swift; path = AppDelegate.swift; sourceTree = "<group>"; };
		88FE29831B08088B00A11178 /* ViewController.swift */ = {isa = PBXFileReference; lastKnownFileType = sourcecode.swift; path = ViewController.swift; sourceTree = "<group>"; };
		88FE29861B08088B00A11178 /* Base */ = {isa = PBXFileReference; lastKnownFileType = file.storyboard; name = Base; path = Base.lproj/Main.storyboard; sourceTree = "<group>"; };
		88FE29881B08088B00A11178 /* Images.xcassets */ = {isa = PBXFileReference; lastKnownFileType = folder.assetcatalog; path = Images.xcassets; sourceTree = "<group>"; };
		88FE298B1B08088B00A11178 /* Base */ = {isa = PBXFileReference; lastKnownFileType = file.xib; name = Base; path = Base.lproj/LaunchScreen.xib; sourceTree = "<group>"; };
		88FE29911B08088B00A11178 /* ExampleTests.xctest */ = {isa = PBXFileReference; explicitFileType = wrapper.cfbundle; includeInIndex = 0; path = ExampleTests.xctest; sourceTree = BUILT_PRODUCTS_DIR; };
		88FE29961B08088B00A11178 /* Info.plist */ = {isa = PBXFileReference; lastKnownFileType = text.plist.xml; path = Info.plist; sourceTree = "<group>"; };
		88FE29971B08088B00A11178 /* ExampleTests.swift */ = {isa = PBXFileReference; lastKnownFileType = sourcecode.swift; path = ExampleTests.swift; sourceTree = "<group>"; };
/* End PBXFileReference section */

/* Begin PBXFrameworksBuildPhase section */
		88FE29791B08088B00A11178 /* Frameworks */ = {
			isa = PBXFrameworksBuildPhase;
			buildActionMask = 2147483647;
			files = (
				884477471B081F7700EC3A9B /* JSQActivityKit.framework in Frameworks */,
			);
			runOnlyForDeploymentPostprocessing = 0;
		};
		88FE298E1B08088B00A11178 /* Frameworks */ = {
			isa = PBXFrameworksBuildPhase;
			buildActionMask = 2147483647;
			files = (
			);
			runOnlyForDeploymentPostprocessing = 0;
		};
/* End PBXFrameworksBuildPhase section */

/* Begin PBXGroup section */
		8844773F1B081F6000EC3A9B /* Products */ = {
			isa = PBXGroup;
			children = (
				884477441B081F6000EC3A9B /* JSQActivityKit.framework */,
				884477461B081F6000EC3A9B /* JSQActivityKitTests.xctest */,
			);
			name = Products;
			sourceTree = "<group>";
		};
		88FE29731B08088B00A11178 = {
			isa = PBXGroup;
			children = (
				88FE297E1B08088B00A11178 /* Example */,
				88FE29941B08088B00A11178 /* ExampleTests */,
				88FE297D1B08088B00A11178 /* Products */,
				8844773E1B081F6000EC3A9B /* JSQActivityKit.xcodeproj */,
			);
			sourceTree = "<group>";
		};
		88FE297D1B08088B00A11178 /* Products */ = {
			isa = PBXGroup;
			children = (
				88FE297C1B08088B00A11178 /* ActivityKit.app */,
				88FE29911B08088B00A11178 /* ExampleTests.xctest */,
			);
			name = Products;
			sourceTree = "<group>";
		};
		88FE297E1B08088B00A11178 /* Example */ = {
			isa = PBXGroup;
			children = (
				88FE29811B08088B00A11178 /* AppDelegate.swift */,
				88FE29831B08088B00A11178 /* ViewController.swift */,
				88FE29851B08088B00A11178 /* Main.storyboard */,
				88FE29881B08088B00A11178 /* Images.xcassets */,
				88FE298A1B08088B00A11178 /* LaunchScreen.xib */,
				88FE297F1B08088B00A11178 /* Supporting Files */,
			);
			path = Example;
			sourceTree = "<group>";
		};
		88FE297F1B08088B00A11178 /* Supporting Files */ = {
			isa = PBXGroup;
			children = (
				88FE29801B08088B00A11178 /* Info.plist */,
			);
			name = "Supporting Files";
			sourceTree = "<group>";
		};
		88FE29941B08088B00A11178 /* ExampleTests */ = {
			isa = PBXGroup;
			children = (
				88FE29971B08088B00A11178 /* ExampleTests.swift */,
				88FE29951B08088B00A11178 /* Supporting Files */,
			);
			path = ExampleTests;
			sourceTree = "<group>";
		};
		88FE29951B08088B00A11178 /* Supporting Files */ = {
			isa = PBXGroup;
			children = (
				88FE29961B08088B00A11178 /* Info.plist */,
			);
			name = "Supporting Files";
			sourceTree = "<group>";
		};
/* End PBXGroup section */

/* Begin PBXNativeTarget section */
		88FE297B1B08088B00A11178 /* Example */ = {
			isa = PBXNativeTarget;
			buildConfigurationList = 88FE299B1B08088B00A11178 /* Build configuration list for PBXNativeTarget "Example" */;
			buildPhases = (
				88FE29781B08088B00A11178 /* Sources */,
				88FE29791B08088B00A11178 /* Frameworks */,
				88FE297A1B08088B00A11178 /* Resources */,
				8844773D1B081DFB00EC3A9B /* Embed Frameworks */,
			);
			buildRules = (
			);
			dependencies = (
				8844774A1B081F7700EC3A9B /* PBXTargetDependency */,
			);
			name = Example;
			productName = Example;
			productReference = 88FE297C1B08088B00A11178 /* ActivityKit.app */;
			productType = "com.apple.product-type.application";
		};
		88FE29901B08088B00A11178 /* ExampleTests */ = {
			isa = PBXNativeTarget;
			buildConfigurationList = 88FE299E1B08088B00A11178 /* Build configuration list for PBXNativeTarget "ExampleTests" */;
			buildPhases = (
				88FE298D1B08088B00A11178 /* Sources */,
				88FE298E1B08088B00A11178 /* Frameworks */,
				88FE298F1B08088B00A11178 /* Resources */,
			);
			buildRules = (
			);
			dependencies = (
				88FE29931B08088B00A11178 /* PBXTargetDependency */,
			);
			name = ExampleTests;
			productName = ExampleTests;
			productReference = 88FE29911B08088B00A11178 /* ExampleTests.xctest */;
			productType = "com.apple.product-type.bundle.unit-test";
		};
/* End PBXNativeTarget section */

/* Begin PBXProject section */
		88FE29741B08088B00A11178 /* Project object */ = {
			isa = PBXProject;
			attributes = {
				LastUpgradeCheck = 0630;
				ORGANIZATIONNAME = "Hexed Bits";
				TargetAttributes = {
					88FE297B1B08088B00A11178 = {
						CreatedOnToolsVersion = 6.3.1;
					};
					88FE29901B08088B00A11178 = {
						CreatedOnToolsVersion = 6.3.1;
						TestTargetID = 88FE297B1B08088B00A11178;
					};
				};
			};
			buildConfigurationList = 88FE29771B08088B00A11178 /* Build configuration list for PBXProject "Example" */;
			compatibilityVersion = "Xcode 3.2";
			developmentRegion = English;
			hasScannedForEncodings = 0;
			knownRegions = (
				en,
				Base,
			);
			mainGroup = 88FE29731B08088B00A11178;
			productRefGroup = 88FE297D1B08088B00A11178 /* Products */;
			projectDirPath = "";
			projectReferences = (
				{
					ProductGroup = 8844773F1B081F6000EC3A9B /* Products */;
					ProjectRef = 8844773E1B081F6000EC3A9B /* JSQActivityKit.xcodeproj */;
				},
			);
			projectRoot = "";
			targets = (
				88FE297B1B08088B00A11178 /* Example */,
				88FE29901B08088B00A11178 /* ExampleTests */,
			);
		};
/* End PBXProject section */

/* Begin PBXReferenceProxy section */
		884477441B081F6000EC3A9B /* JSQActivityKit.framework */ = {
			isa = PBXReferenceProxy;
			fileType = wrapper.framework;
			path = JSQActivityKit.framework;
			remoteRef = 884477431B081F6000EC3A9B /* PBXContainerItemProxy */;
			sourceTree = BUILT_PRODUCTS_DIR;
		};
		884477461B081F6000EC3A9B /* JSQActivityKitTests.xctest */ = {
			isa = PBXReferenceProxy;
			fileType = wrapper.cfbundle;
			path = JSQActivityKitTests.xctest;
			remoteRef = 884477451B081F6000EC3A9B /* PBXContainerItemProxy */;
			sourceTree = BUILT_PRODUCTS_DIR;
		};
/* End PBXReferenceProxy section */

/* Begin PBXResourcesBuildPhase section */
		88FE297A1B08088B00A11178 /* Resources */ = {
			isa = PBXResourcesBuildPhase;
			buildActionMask = 2147483647;
			files = (
				88FE29871B08088B00A11178 /* Main.storyboard in Resources */,
				88FE298C1B08088B00A11178 /* LaunchScreen.xib in Resources */,
				88FE29891B08088B00A11178 /* Images.xcassets in Resources */,
			);
			runOnlyForDeploymentPostprocessing = 0;
		};
		88FE298F1B08088B00A11178 /* Resources */ = {
			isa = PBXResourcesBuildPhase;
			buildActionMask = 2147483647;
			files = (
			);
			runOnlyForDeploymentPostprocessing = 0;
		};
/* End PBXResourcesBuildPhase section */

/* Begin PBXSourcesBuildPhase section */
		88FE29781B08088B00A11178 /* Sources */ = {
			isa = PBXSourcesBuildPhase;
			buildActionMask = 2147483647;
			files = (
				88FE29841B08088B00A11178 /* ViewController.swift in Sources */,
				88FE29821B08088B00A11178 /* AppDelegate.swift in Sources */,
			);
			runOnlyForDeploymentPostprocessing = 0;
		};
		88FE298D1B08088B00A11178 /* Sources */ = {
			isa = PBXSourcesBuildPhase;
			buildActionMask = 2147483647;
			files = (
				88FE29981B08088B00A11178 /* ExampleTests.swift in Sources */,
			);
			runOnlyForDeploymentPostprocessing = 0;
		};
/* End PBXSourcesBuildPhase section */

/* Begin PBXTargetDependency section */
		8844774A1B081F7700EC3A9B /* PBXTargetDependency */ = {
			isa = PBXTargetDependency;
			name = JSQActivityKit;
			targetProxy = 884477491B081F7700EC3A9B /* PBXContainerItemProxy */;
		};
		88FE29931B08088B00A11178 /* PBXTargetDependency */ = {
			isa = PBXTargetDependency;
			target = 88FE297B1B08088B00A11178 /* Example */;
			targetProxy = 88FE29921B08088B00A11178 /* PBXContainerItemProxy */;
		};
/* End PBXTargetDependency section */

/* Begin PBXVariantGroup section */
		88FE29851B08088B00A11178 /* Main.storyboard */ = {
			isa = PBXVariantGroup;
			children = (
				88FE29861B08088B00A11178 /* Base */,
			);
			name = Main.storyboard;
			sourceTree = "<group>";
		};
		88FE298A1B08088B00A11178 /* LaunchScreen.xib */ = {
			isa = PBXVariantGroup;
			children = (
				88FE298B1B08088B00A11178 /* Base */,
			);
			name = LaunchScreen.xib;
			sourceTree = "<group>";
		};
/* End PBXVariantGroup section */

/* Begin XCBuildConfiguration section */
		88FE29991B08088B00A11178 /* Debug */ = {
			isa = XCBuildConfiguration;
			buildSettings = {
				ALWAYS_SEARCH_USER_PATHS = NO;
				CLANG_CXX_LANGUAGE_STANDARD = "gnu++0x";
				CLANG_CXX_LIBRARY = "libc++";
				CLANG_ENABLE_MODULES = YES;
				CLANG_ENABLE_OBJC_ARC = YES;
				CLANG_WARN_BOOL_CONVERSION = YES;
				CLANG_WARN_CONSTANT_CONVERSION = YES;
				CLANG_WARN_DIRECT_OBJC_ISA_USAGE = YES_ERROR;
				CLANG_WARN_EMPTY_BODY = YES;
				CLANG_WARN_ENUM_CONVERSION = YES;
				CLANG_WARN_INT_CONVERSION = YES;
				CLANG_WARN_OBJC_ROOT_CLASS = YES_ERROR;
				CLANG_WARN_UNREACHABLE_CODE = YES;
				CLANG_WARN__DUPLICATE_METHOD_MATCH = YES;
				"CODE_SIGN_IDENTITY[sdk=iphoneos*]" = "iPhone Developer";
				COPY_PHASE_STRIP = NO;
				DEBUG_INFORMATION_FORMAT = "dwarf-with-dsym";
				ENABLE_STRICT_OBJC_MSGSEND = YES;
				GCC_C_LANGUAGE_STANDARD = gnu99;
				GCC_DYNAMIC_NO_PIC = NO;
				GCC_NO_COMMON_BLOCKS = YES;
				GCC_OPTIMIZATION_LEVEL = 0;
				GCC_PREPROCESSOR_DEFINITIONS = (
					"DEBUG=1",
					"$(inherited)",
				);
				GCC_SYMBOLS_PRIVATE_EXTERN = NO;
				GCC_WARN_64_TO_32_BIT_CONVERSION = YES;
				GCC_WARN_ABOUT_RETURN_TYPE = YES_ERROR;
				GCC_WARN_UNDECLARED_SELECTOR = YES;
				GCC_WARN_UNINITIALIZED_AUTOS = YES_AGGRESSIVE;
				GCC_WARN_UNUSED_FUNCTION = YES;
				GCC_WARN_UNUSED_VARIABLE = YES;
				IPHONEOS_DEPLOYMENT_TARGET = 8.0;
				MTL_ENABLE_DEBUG_INFO = YES;
				ONLY_ACTIVE_ARCH = YES;
				PRODUCT_NAME = ActivityKit;
				SDKROOT = iphoneos;
				SWIFT_OPTIMIZATION_LEVEL = "-Onone";
				TARGETED_DEVICE_FAMILY = "1,2";
			};
			name = Debug;
		};
		88FE299A1B08088B00A11178 /* Release */ = {
			isa = XCBuildConfiguration;
			buildSettings = {
				ALWAYS_SEARCH_USER_PATHS = NO;
				CLANG_CXX_LANGUAGE_STANDARD = "gnu++0x";
				CLANG_CXX_LIBRARY = "libc++";
				CLANG_ENABLE_MODULES = YES;
				CLANG_ENABLE_OBJC_ARC = YES;
				CLANG_WARN_BOOL_CONVERSION = YES;
				CLANG_WARN_CONSTANT_CONVERSION = YES;
				CLANG_WARN_DIRECT_OBJC_ISA_USAGE = YES_ERROR;
				CLANG_WARN_EMPTY_BODY = YES;
				CLANG_WARN_ENUM_CONVERSION = YES;
				CLANG_WARN_INT_CONVERSION = YES;
				CLANG_WARN_OBJC_ROOT_CLASS = YES_ERROR;
				CLANG_WARN_UNREACHABLE_CODE = YES;
				CLANG_WARN__DUPLICATE_METHOD_MATCH = YES;
				"CODE_SIGN_IDENTITY[sdk=iphoneos*]" = "iPhone Developer";
				COPY_PHASE_STRIP = NO;
				DEBUG_INFORMATION_FORMAT = "dwarf-with-dsym";
				ENABLE_NS_ASSERTIONS = NO;
				ENABLE_STRICT_OBJC_MSGSEND = YES;
				GCC_C_LANGUAGE_STANDARD = gnu99;
				GCC_NO_COMMON_BLOCKS = YES;
				GCC_WARN_64_TO_32_BIT_CONVERSION = YES;
				GCC_WARN_ABOUT_RETURN_TYPE = YES_ERROR;
				GCC_WARN_UNDECLARED_SELECTOR = YES;
				GCC_WARN_UNINITIALIZED_AUTOS = YES_AGGRESSIVE;
				GCC_WARN_UNUSED_FUNCTION = YES;
				GCC_WARN_UNUSED_VARIABLE = YES;
				IPHONEOS_DEPLOYMENT_TARGET = 8.0;
				MTL_ENABLE_DEBUG_INFO = NO;
				PRODUCT_NAME = ActivityKit;
				SDKROOT = iphoneos;
				TARGETED_DEVICE_FAMILY = "1,2";
				VALIDATE_PRODUCT = YES;
			};
			name = Release;
		};
		88FE299C1B08088B00A11178 /* Debug */ = {
			isa = XCBuildConfiguration;
			buildSettings = {
				ASSETCATALOG_COMPILER_APPICON_NAME = AppIcon;
				INFOPLIST_FILE = Example/Info.plist;
				IPHONEOS_DEPLOYMENT_TARGET = 8.0;
				LD_RUNPATH_SEARCH_PATHS = "$(inherited) @executable_path/Frameworks";
				PRODUCT_NAME = ActivityKit;
			};
			name = Debug;
		};
		88FE299D1B08088B00A11178 /* Release */ = {
			isa = XCBuildConfiguration;
			buildSettings = {
				ASSETCATALOG_COMPILER_APPICON_NAME = AppIcon;
				INFOPLIST_FILE = Example/Info.plist;
				IPHONEOS_DEPLOYMENT_TARGET = 8.0;
				LD_RUNPATH_SEARCH_PATHS = "$(inherited) @executable_path/Frameworks";
				PRODUCT_NAME = ActivityKit;
			};
			name = Release;
		};
		88FE299F1B08088B00A11178 /* Debug */ = {
			isa = XCBuildConfiguration;
			buildSettings = {
				BUNDLE_LOADER = "$(TEST_HOST)";
				FRAMEWORK_SEARCH_PATHS = (
					"$(SDKROOT)/Developer/Library/Frameworks",
					"$(inherited)",
				);
				GCC_PREPROCESSOR_DEFINITIONS = (
					"DEBUG=1",
					"$(inherited)",
				);
				INFOPLIST_FILE = ExampleTests/Info.plist;
				LD_RUNPATH_SEARCH_PATHS = "$(inherited) @executable_path/Frameworks @loader_path/Frameworks";
				PRODUCT_NAME = "$(TARGET_NAME)";
				TEST_HOST = "$(BUILT_PRODUCTS_DIR)/ActivityKit.app/ActivityKit";
			};
			name = Debug;
		};
		88FE29A01B08088B00A11178 /* Release */ = {
			isa = XCBuildConfiguration;
			buildSettings = {
				BUNDLE_LOADER = "$(TEST_HOST)";
				FRAMEWORK_SEARCH_PATHS = (
					"$(SDKROOT)/Developer/Library/Frameworks",
					"$(inherited)",
				);
				INFOPLIST_FILE = ExampleTests/Info.plist;
				LD_RUNPATH_SEARCH_PATHS = "$(inherited) @executable_path/Frameworks @loader_path/Frameworks";
				PRODUCT_NAME = "$(TARGET_NAME)";
				TEST_HOST = "$(BUILT_PRODUCTS_DIR)/ActivityKit.app/ActivityKit";
			};
			name = Release;
		};
/* End XCBuildConfiguration section */

/* Begin XCConfigurationList section */
		88FE29771B08088B00A11178 /* Build configuration list for PBXProject "Example" */ = {
			isa = XCConfigurationList;
			buildConfigurations = (
				88FE29991B08088B00A11178 /* Debug */,
				88FE299A1B08088B00A11178 /* Release */,
			);
			defaultConfigurationIsVisible = 0;
			defaultConfigurationName = Release;
		};
		88FE299B1B08088B00A11178 /* Build configuration list for PBXNativeTarget "Example" */ = {
			isa = XCConfigurationList;
			buildConfigurations = (
				88FE299C1B08088B00A11178 /* Debug */,
				88FE299D1B08088B00A11178 /* Release */,
			);
			defaultConfigurationIsVisible = 0;
			defaultConfigurationName = Release;
		};
		88FE299E1B08088B00A11178 /* Build configuration list for PBXNativeTarget "ExampleTests" */ = {
			isa = XCConfigurationList;
			buildConfigurations = (
				88FE299F1B08088B00A11178 /* Debug */,
				88FE29A01B08088B00A11178 /* Release */,
			);
			defaultConfigurationIsVisible = 0;
			defaultConfigurationName = Release;
		};
/* End XCConfigurationList section */
	};
	rootObject = 88FE29741B08088B00A11178 /* Project object */;
}
